
Microsoft Visual Studio Solution File, Format Version 12.00
# Visual Studio Version 16
VisualStudioVersion = 16.0.31019.35
MinimumVisualStudioVersion = 10.0.40219.1
Project("{FAE04EC0-301F-11D3-BF4B-00C04F79EFBC}") = "Arrays (Books)", "Arrays (Books)\Arrays (Books).csproj", "{7E7E5B02-8298-4398-893F-9F12CA29A2B5}"
EndProject
Global
	GlobalSection(SolutionConfigurationPlatforms) = preSolution
		Debug|Any CPU = Debug|Any CPU
		Release|Any CPU = Release|Any CPU
	EndGlobalSection
	GlobalSection(ProjectConfigurationPlatforms) = postSolution
		{7E7E5B02-8298-4398-893F-9F12CA29A2B5}.Debug|Any CPU.ActiveCfg = Debug|Any CPU
		{7E7E5B02-8298-4398-893F-9F12CA29A2B5}.Debug|Any CPU.Build.0 = Debug|Any CPU
		{7E7E5B02-8298-4398-893F-9F12CA29A2B5}.Release|Any CPU.ActiveCfg = Release|Any CPU
		{7E7E5B02-8298-4398-893F-9F12CA29A2B5}.Release|Any CPU.Build.0 = Release|Any CPU
	EndGlobalSection
	GlobalSection(SolutionProperties) = preSolution
		HideSolutionNode = FALSE
	EndGlobalSection
	GlobalSection(ExtensibilityGlobals) = postSolution
		SolutionGuid = {3569F28F-6027-4C09-A46E-61F8ADE786E5}
	EndGlobalSection
EndGlobal
