
Microsoft Visual Studio Solution File, Format Version 12.00
# Visual Studio Version 16
VisualStudioVersion = 16.0.31019.35
MinimumVisualStudioVersion = 10.0.40219.1
Project("{FAE04EC0-301F-11D3-BF4B-00C04F79EFBC}") = "String .NET Core HW Task 2", "String .NET Core HW Task 2\String .NET Core HW Task 2.csproj", "{38E72CE5-B648-4AFB-A17F-8D1D5F4208E3}"
EndProject
Global
	GlobalSection(SolutionConfigurationPlatforms) = preSolution
		Debug|Any CPU = Debug|Any CPU
		Release|Any CPU = Release|Any CPU
	EndGlobalSection
	GlobalSection(ProjectConfigurationPlatforms) = postSolution
		{38E72CE5-B648-4AFB-A17F-8D1D5F4208E3}.Debug|Any CPU.ActiveCfg = Debug|Any CPU
		{38E72CE5-B648-4AFB-A17F-8D1D5F4208E3}.Debug|Any CPU.Build.0 = Debug|Any CPU
		{38E72CE5-B648-4AFB-A17F-8D1D5F4208E3}.Release|Any CPU.ActiveCfg = Release|Any CPU
		{38E72CE5-B648-4AFB-A17F-8D1D5F4208E3}.Release|Any CPU.Build.0 = Release|Any CPU
	EndGlobalSection
	GlobalSection(SolutionProperties) = preSolution
		HideSolutionNode = FALSE
	EndGlobalSection
	GlobalSection(ExtensibilityGlobals) = postSolution
		SolutionGuid = {4986D68E-D84F-4B32-80DF-139B2AB9980E}
	EndGlobalSection
EndGlobal
