
Microsoft Visual Studio Solution File, Format Version 12.00
# Visual Studio Version 16
VisualStudioVersion = 16.0.31019.35
MinimumVisualStudioVersion = 10.0.40219.1
Project("{9A19103F-16F7-4668-BE54-9A1E7A4F7556}") = "Student", "Student.csproj", "{76C473B8-5AA0-4E54-9E13-9001AFA46E4B}"
EndProject
Global
	GlobalSection(SolutionConfigurationPlatforms) = preSolution
		Debug|Any CPU = Debug|Any CPU
		Release|Any CPU = Release|Any CPU
	EndGlobalSection
	GlobalSection(ProjectConfigurationPlatforms) = postSolution
		{76C473B8-5AA0-4E54-9E13-9001AFA46E4B}.Debug|Any CPU.ActiveCfg = Debug|Any CPU
		{76C473B8-5AA0-4E54-9E13-9001AFA46E4B}.Debug|Any CPU.Build.0 = Debug|Any CPU
		{76C473B8-5AA0-4E54-9E13-9001AFA46E4B}.Release|Any CPU.ActiveCfg = Release|Any CPU
		{76C473B8-5AA0-4E54-9E13-9001AFA46E4B}.Release|Any CPU.Build.0 = Release|Any CPU
	EndGlobalSection
	GlobalSection(SolutionProperties) = preSolution
		HideSolutionNode = FALSE
	EndGlobalSection
	GlobalSection(ExtensibilityGlobals) = postSolution
		SolutionGuid = {8396A0B3-8663-40AF-9D77-D22E832E28B9}
	EndGlobalSection
EndGlobal
